
Microsoft Visual Studio Solution File, Format Version 12.00
# Visual Studio Version 17
VisualStudioVersion = 17.4.33205.214
MinimumVisualStudioVersion = 10.0.40219.1
Project("{FAE04EC0-301F-11D3-BF4B-00C04F79EFBC}") = "Metodo_Hamming", "Metodo_Hamming\Metodo_Hamming.csproj", "{9BD2913C-D3D7-4AAE-92A1-B3F501C9B4F2}"
EndProject
Global
	GlobalSection(SolutionConfigurationPlatforms) = preSolution
		Debug|Any CPU = Debug|Any CPU
		Release|Any CPU = Release|Any CPU
	EndGlobalSection
	GlobalSection(ProjectConfigurationPlatforms) = postSolution
		{9BD2913C-D3D7-4AAE-92A1-B3F501C9B4F2}.Debug|Any CPU.ActiveCfg = Debug|Any CPU
		{9BD2913C-D3D7-4AAE-92A1-B3F501C9B4F2}.Debug|Any CPU.Build.0 = Debug|Any CPU
		{9BD2913C-D3D7-4AAE-92A1-B3F501C9B4F2}.Release|Any CPU.ActiveCfg = Release|Any CPU
		{9BD2913C-D3D7-4AAE-92A1-B3F501C9B4F2}.Release|Any CPU.Build.0 = Release|Any CPU
	EndGlobalSection
	GlobalSection(SolutionProperties) = preSolution
		HideSolutionNode = FALSE
	EndGlobalSection
	GlobalSection(ExtensibilityGlobals) = postSolution
		SolutionGuid = {11EFFBDF-4454-4ECA-9060-BA8D8C85CF77}
	EndGlobalSection
EndGlobal
